
Microsoft Visual Studio Solution File, Format Version 12.00
# Visual Studio 2013
VisualStudioVersion = 12.0.30324.0
MinimumVisualStudioVersion = 10.0.40219.1
Project("{FAE04EC0-301F-11D3-BF4B-00C04F79EFBC}") = "XamrinAzureMobile.WPF", "XamrinAzureMobile.WPF\XamrinAzureMobile.WPF.csproj", "{9BAC68B8-DC77-4B1D-9FE8-AE1E1863F352}"
EndProject
Project("{FAE04EC0-301F-11D3-BF4B-00C04F79EFBC}") = "XamarinAzureMobile.Core", "XamarinAzureMobile.Core\XamarinAzureMobile.Core.csproj", "{59C8CAFB-D2C5-481E-BFB4-295686C36294}"
EndProject
Project("{FAE04EC0-301F-11D3-BF4B-00C04F79EFBC}") = "XamarinAzureMobile.Win8", "XamarinAzureMobile.Win8\XamarinAzureMobile.Win8.csproj", "{D8347F31-B16D-4066-ABD2-DA0A0433ADC0}"
EndProject
Project("{FAE04EC0-301F-11D3-BF4B-00C04F79EFBC}") = "XamarinAzureMobile.Mobile", "XamarinAzureMobile.Mobile\XamarinAzureMobile.Mobile.csproj", "{EA11123F-747F-449E-A8D5-CBC259DD8F1B}"
EndProject
Project("{FAE04EC0-301F-11D3-BF4B-00C04F79EFBC}") = "XamrinAzureMobile.Android", "XamrinAzureMobile.Android\XamrinAzureMobile.Android.csproj", "{5F4CC961-66A0-4C54-954C-7B8FDE6D0216}"
EndProject
Project("{FAE04EC0-301F-11D3-BF4B-00C04F79EFBC}") = "XamarinAzureMobile.iOS", "XamarinAzureMobile.iOS\XamarinAzureMobile.iOS.csproj", "{7541A33D-2E53-4F88-8385-C1D581CAADE0}"
EndProject
Global
	GlobalSection(SolutionConfigurationPlatforms) = preSolution
		Ad-Hoc|Any CPU = Ad-Hoc|Any CPU
		Ad-Hoc|ARM = Ad-Hoc|ARM
		Ad-Hoc|iPhone = Ad-Hoc|iPhone
		Ad-Hoc|iPhoneSimulator = Ad-Hoc|iPhoneSimulator
		Ad-Hoc|Mixed Platforms = Ad-Hoc|Mixed Platforms
		Ad-Hoc|x64 = Ad-Hoc|x64
		Ad-Hoc|x86 = Ad-Hoc|x86
		AppStore|Any CPU = AppStore|Any CPU
		AppStore|ARM = AppStore|ARM
		AppStore|iPhone = AppStore|iPhone
		AppStore|iPhoneSimulator = AppStore|iPhoneSimulator
		AppStore|Mixed Platforms = AppStore|Mixed Platforms
		AppStore|x64 = AppStore|x64
		AppStore|x86 = AppStore|x86
		Debug|Any CPU = Debug|Any CPU
		Debug|ARM = Debug|ARM
		Debug|iPhone = Debug|iPhone
		Debug|iPhoneSimulator = Debug|iPhoneSimulator
		Debug|Mixed Platforms = Debug|Mixed Platforms
		Debug|x64 = Debug|x64
		Debug|x86 = Debug|x86
		Release|Any CPU = Release|Any CPU
		Release|ARM = Release|ARM
		Release|iPhone = Release|iPhone
		Release|iPhoneSimulator = Release|iPhoneSimulator
		Release|Mixed Platforms = Release|Mixed Platforms
		Release|x64 = Release|x64
		Release|x86 = Release|x86
	EndGlobalSection
	GlobalSection(ProjectConfigurationPlatforms) = postSolution
		{9BAC68B8-DC77-4B1D-9FE8-AE1E1863F352}.Ad-Hoc|Any CPU.ActiveCfg = Release|Any CPU
		{9BAC68B8-DC77-4B1D-9FE8-AE1E1863F352}.Ad-Hoc|Any CPU.Build.0 = Release|Any CPU
		{9BAC68B8-DC77-4B1D-9FE8-AE1E1863F352}.Ad-Hoc|ARM.ActiveCfg = Release|Any CPU
		{9BAC68B8-DC77-4B1D-9FE8-AE1E1863F352}.Ad-Hoc|iPhone.ActiveCfg = Release|Any CPU
		{9BAC68B8-DC77-4B1D-9FE8-AE1E1863F352}.Ad-Hoc|iPhoneSimulator.ActiveCfg = Release|Any CPU
		{9BAC68B8-DC77-4B1D-9FE8-AE1E1863F352}.Ad-Hoc|Mixed Platforms.ActiveCfg = Release|Any CPU
		{9BAC68B8-DC77-4B1D-9FE8-AE1E1863F352}.Ad-Hoc|Mixed Platforms.Build.0 = Release|Any CPU
		{9BAC68B8-DC77-4B1D-9FE8-AE1E1863F352}.Ad-Hoc|x64.ActiveCfg = Release|Any CPU
		{9BAC68B8-DC77-4B1D-9FE8-AE1E1863F352}.Ad-Hoc|x86.ActiveCfg = Release|Any CPU
		{9BAC68B8-DC77-4B1D-9FE8-AE1E1863F352}.AppStore|Any CPU.ActiveCfg = Release|Any CPU
		{9BAC68B8-DC77-4B1D-9FE8-AE1E1863F352}.AppStore|Any CPU.Build.0 = Release|Any CPU
		{9BAC68B8-DC77-4B1D-9FE8-AE1E1863F352}.AppStore|ARM.ActiveCfg = Release|Any CPU
		{9BAC68B8-DC77-4B1D-9FE8-AE1E1863F352}.AppStore|iPhone.ActiveCfg = Release|Any CPU
		{9BAC68B8-DC77-4B1D-9FE8-AE1E1863F352}.AppStore|iPhoneSimulator.ActiveCfg = Release|Any CPU
		{9BAC68B8-DC77-4B1D-9FE8-AE1E1863F352}.AppStore|Mixed Platforms.ActiveCfg = Release|Any CPU
		{9BAC68B8-DC77-4B1D-9FE8-AE1E1863F352}.AppStore|Mixed Platforms.Build.0 = Release|Any CPU
		{9BAC68B8-DC77-4B1D-9FE8-AE1E1863F352}.AppStore|x64.ActiveCfg = Release|Any CPU
		{9BAC68B8-DC77-4B1D-9FE8-AE1E1863F352}.AppStore|x86.ActiveCfg = Release|Any CPU
		{9BAC68B8-DC77-4B1D-9FE8-AE1E1863F352}.Debug|Any CPU.ActiveCfg = Debug|Any CPU
		{9BAC68B8-DC77-4B1D-9FE8-AE1E1863F352}.Debug|Any CPU.Build.0 = Debug|Any CPU
		{9BAC68B8-DC77-4B1D-9FE8-AE1E1863F352}.Debug|ARM.ActiveCfg = Debug|Any CPU
		{9BAC68B8-DC77-4B1D-9FE8-AE1E1863F352}.Debug|iPhone.ActiveCfg = Debug|Any CPU
		{9BAC68B8-DC77-4B1D-9FE8-AE1E1863F352}.Debug|iPhoneSimulator.ActiveCfg = Debug|Any CPU
		{9BAC68B8-DC77-4B1D-9FE8-AE1E1863F352}.Debug|Mixed Platforms.ActiveCfg = Debug|Any CPU
		{9BAC68B8-DC77-4B1D-9FE8-AE1E1863F352}.Debug|Mixed Platforms.Build.0 = Debug|Any CPU
		{9BAC68B8-DC77-4B1D-9FE8-AE1E1863F352}.Debug|x64.ActiveCfg = Debug|Any CPU
		{9BAC68B8-DC77-4B1D-9FE8-AE1E1863F352}.Debug|x86.ActiveCfg = Debug|Any CPU
		{9BAC68B8-DC77-4B1D-9FE8-AE1E1863F352}.Release|Any CPU.ActiveCfg = Release|Any CPU
		{9BAC68B8-DC77-4B1D-9FE8-AE1E1863F352}.Release|Any CPU.Build.0 = Release|Any CPU
		{9BAC68B8-DC77-4B1D-9FE8-AE1E1863F352}.Release|ARM.ActiveCfg = Release|Any CPU
		{9BAC68B8-DC77-4B1D-9FE8-AE1E1863F352}.Release|iPhone.ActiveCfg = Release|Any CPU
		{9BAC68B8-DC77-4B1D-9FE8-AE1E1863F352}.Release|iPhoneSimulator.ActiveCfg = Release|Any CPU
		{9BAC68B8-DC77-4B1D-9FE8-AE1E1863F352}.Release|Mixed Platforms.ActiveCfg = Release|Any CPU
		{9BAC68B8-DC77-4B1D-9FE8-AE1E1863F352}.Release|Mixed Platforms.Build.0 = Release|Any CPU
		{9BAC68B8-DC77-4B1D-9FE8-AE1E1863F352}.Release|x64.ActiveCfg = Release|Any CPU
		{9BAC68B8-DC77-4B1D-9FE8-AE1E1863F352}.Release|x86.ActiveCfg = Release|Any CPU
		{59C8CAFB-D2C5-481E-BFB4-295686C36294}.Ad-Hoc|Any CPU.ActiveCfg = Release|Any CPU
		{59C8CAFB-D2C5-481E-BFB4-295686C36294}.Ad-Hoc|Any CPU.Build.0 = Release|Any CPU
		{59C8CAFB-D2C5-481E-BFB4-295686C36294}.Ad-Hoc|ARM.ActiveCfg = Release|Any CPU
		{59C8CAFB-D2C5-481E-BFB4-295686C36294}.Ad-Hoc|iPhone.ActiveCfg = Release|Any CPU
		{59C8CAFB-D2C5-481E-BFB4-295686C36294}.Ad-Hoc|iPhoneSimulator.ActiveCfg = Release|Any CPU
		{59C8CAFB-D2C5-481E-BFB4-295686C36294}.Ad-Hoc|Mixed Platforms.ActiveCfg = Release|Any CPU
		{59C8CAFB-D2C5-481E-BFB4-295686C36294}.Ad-Hoc|Mixed Platforms.Build.0 = Release|Any CPU
		{59C8CAFB-D2C5-481E-BFB4-295686C36294}.Ad-Hoc|x64.ActiveCfg = Release|Any CPU
		{59C8CAFB-D2C5-481E-BFB4-295686C36294}.Ad-Hoc|x86.ActiveCfg = Release|Any CPU
		{59C8CAFB-D2C5-481E-BFB4-295686C36294}.AppStore|Any CPU.ActiveCfg = Release|Any CPU
		{59C8CAFB-D2C5-481E-BFB4-295686C36294}.AppStore|Any CPU.Build.0 = Release|Any CPU
		{59C8CAFB-D2C5-481E-BFB4-295686C36294}.AppStore|ARM.ActiveCfg = Release|Any CPU
		{59C8CAFB-D2C5-481E-BFB4-295686C36294}.AppStore|iPhone.ActiveCfg = Release|Any CPU
		{59C8CAFB-D2C5-481E-BFB4-295686C36294}.AppStore|iPhoneSimulator.ActiveCfg = Release|Any CPU
		{59C8CAFB-D2C5-481E-BFB4-295686C36294}.AppStore|Mixed Platforms.ActiveCfg = Release|Any CPU
		{59C8CAFB-D2C5-481E-BFB4-295686C36294}.AppStore|Mixed Platforms.Build.0 = Release|Any CPU
		{59C8CAFB-D2C5-481E-BFB4-295686C36294}.AppStore|x64.ActiveCfg = Release|Any CPU
		{59C8CAFB-D2C5-481E-BFB4-295686C36294}.AppStore|x86.ActiveCfg = Release|Any CPU
		{59C8CAFB-D2C5-481E-BFB4-295686C36294}.Debug|Any CPU.ActiveCfg = Debug|Any CPU
		{59C8CAFB-D2C5-481E-BFB4-295686C36294}.Debug|Any CPU.Build.0 = Debug|Any CPU
		{59C8CAFB-D2C5-481E-BFB4-295686C36294}.Debug|ARM.ActiveCfg = Debug|Any CPU
		{59C8CAFB-D2C5-481E-BFB4-295686C36294}.Debug|iPhone.ActiveCfg = Debug|Any CPU
		{59C8CAFB-D2C5-481E-BFB4-295686C36294}.Debug|iPhoneSimulator.ActiveCfg = Debug|Any CPU
		{59C8CAFB-D2C5-481E-BFB4-295686C36294}.Debug|Mixed Platforms.ActiveCfg = Debug|Any CPU
		{59C8CAFB-D2C5-481E-BFB4-295686C36294}.Debug|Mixed Platforms.Build.0 = Debug|Any CPU
		{59C8CAFB-D2C5-481E-BFB4-295686C36294}.Debug|x64.ActiveCfg = Debug|Any CPU
		{59C8CAFB-D2C5-481E-BFB4-295686C36294}.Debug|x86.ActiveCfg = Debug|Any CPU
		{59C8CAFB-D2C5-481E-BFB4-295686C36294}.Release|Any CPU.ActiveCfg = Release|Any CPU
		{59C8CAFB-D2C5-481E-BFB4-295686C36294}.Release|Any CPU.Build.0 = Release|Any CPU
		{59C8CAFB-D2C5-481E-BFB4-295686C36294}.Release|ARM.ActiveCfg = Release|Any CPU
		{59C8CAFB-D2C5-481E-BFB4-295686C36294}.Release|iPhone.ActiveCfg = Release|Any CPU
		{59C8CAFB-D2C5-481E-BFB4-295686C36294}.Release|iPhoneSimulator.ActiveCfg = Release|Any CPU
		{59C8CAFB-D2C5-481E-BFB4-295686C36294}.Release|Mixed Platforms.ActiveCfg = Release|Any CPU
		{59C8CAFB-D2C5-481E-BFB4-295686C36294}.Release|Mixed Platforms.Build.0 = Release|Any CPU
		{59C8CAFB-D2C5-481E-BFB4-295686C36294}.Release|x64.ActiveCfg = Release|Any CPU
		{59C8CAFB-D2C5-481E-BFB4-295686C36294}.Release|x86.ActiveCfg = Release|Any CPU
		{D8347F31-B16D-4066-ABD2-DA0A0433ADC0}.Ad-Hoc|Any CPU.ActiveCfg = Release|Any CPU
		{D8347F31-B16D-4066-ABD2-DA0A0433ADC0}.Ad-Hoc|Any CPU.Build.0 = Release|Any CPU
		{D8347F31-B16D-4066-ABD2-DA0A0433ADC0}.Ad-Hoc|Any CPU.Deploy.0 = Release|Any CPU
		{D8347F31-B16D-4066-ABD2-DA0A0433ADC0}.Ad-Hoc|ARM.ActiveCfg = Release|ARM
		{D8347F31-B16D-4066-ABD2-DA0A0433ADC0}.Ad-Hoc|ARM.Build.0 = Release|ARM
		{D8347F31-B16D-4066-ABD2-DA0A0433ADC0}.Ad-Hoc|ARM.Deploy.0 = Release|ARM
		{D8347F31-B16D-4066-ABD2-DA0A0433ADC0}.Ad-Hoc|iPhone.ActiveCfg = Release|Any CPU
		{D8347F31-B16D-4066-ABD2-DA0A0433ADC0}.Ad-Hoc|iPhoneSimulator.ActiveCfg = Release|Any CPU
		{D8347F31-B16D-4066-ABD2-DA0A0433ADC0}.Ad-Hoc|Mixed Platforms.ActiveCfg = Release|x86
		{D8347F31-B16D-4066-ABD2-DA0A0433ADC0}.Ad-Hoc|Mixed Platforms.Build.0 = Release|x86
		{D8347F31-B16D-4066-ABD2-DA0A0433ADC0}.Ad-Hoc|Mixed Platforms.Deploy.0 = Release|x86
		{D8347F31-B16D-4066-ABD2-DA0A0433ADC0}.Ad-Hoc|x64.ActiveCfg = Release|x64
		{D8347F31-B16D-4066-ABD2-DA0A0433ADC0}.Ad-Hoc|x64.Build.0 = Release|x64
		{D8347F31-B16D-4066-ABD2-DA0A0433ADC0}.Ad-Hoc|x64.Deploy.0 = Release|x64
		{D8347F31-B16D-4066-ABD2-DA0A0433ADC0}.Ad-Hoc|x86.ActiveCfg = Release|x86
		{D8347F31-B16D-4066-ABD2-DA0A0433ADC0}.Ad-Hoc|x86.Build.0 = Release|x86
		{D8347F31-B16D-4066-ABD2-DA0A0433ADC0}.Ad-Hoc|x86.Deploy.0 = Release|x86
		{D8347F31-B16D-4066-ABD2-DA0A0433ADC0}.AppStore|Any CPU.ActiveCfg = Release|Any CPU
		{D8347F31-B16D-4066-ABD2-DA0A0433ADC0}.AppStore|Any CPU.Build.0 = Release|Any CPU
		{D8347F31-B16D-4066-ABD2-DA0A0433ADC0}.AppStore|Any CPU.Deploy.0 = Release|Any CPU
		{D8347F31-B16D-4066-ABD2-DA0A0433ADC0}.AppStore|ARM.ActiveCfg = Release|ARM
		{D8347F31-B16D-4066-ABD2-DA0A0433ADC0}.AppStore|ARM.Build.0 = Release|ARM
		{D8347F31-B16D-4066-ABD2-DA0A0433ADC0}.AppStore|ARM.Deploy.0 = Release|ARM
		{D8347F31-B16D-4066-ABD2-DA0A0433ADC0}.AppStore|iPhone.ActiveCfg = Release|Any CPU
		{D8347F31-B16D-4066-ABD2-DA0A0433ADC0}.AppStore|iPhoneSimulator.ActiveCfg = Release|Any CPU
		{D8347F31-B16D-4066-ABD2-DA0A0433ADC0}.AppStore|Mixed Platforms.ActiveCfg = Release|x86
		{D8347F31-B16D-4066-ABD2-DA0A0433ADC0}.AppStore|Mixed Platforms.Build.0 = Release|x86
		{D8347F31-B16D-4066-ABD2-DA0A0433ADC0}.AppStore|Mixed Platforms.Deploy.0 = Release|x86
		{D8347F31-B16D-4066-ABD2-DA0A0433ADC0}.AppStore|x64.ActiveCfg = Release|x64
		{D8347F31-B16D-4066-ABD2-DA0A0433ADC0}.AppStore|x64.Build.0 = Release|x64
		{D8347F31-B16D-4066-ABD2-DA0A0433ADC0}.AppStore|x64.Deploy.0 = Release|x64
		{D8347F31-B16D-4066-ABD2-DA0A0433ADC0}.AppStore|x86.ActiveCfg = Release|x86
		{D8347F31-B16D-4066-ABD2-DA0A0433ADC0}.AppStore|x86.Build.0 = Release|x86
		{D8347F31-B16D-4066-ABD2-DA0A0433ADC0}.AppStore|x86.Deploy.0 = Release|x86
		{D8347F31-B16D-4066-ABD2-DA0A0433ADC0}.Debug|Any CPU.ActiveCfg = Debug|Any CPU
		{D8347F31-B16D-4066-ABD2-DA0A0433ADC0}.Debug|Any CPU.Build.0 = Debug|Any CPU
		{D8347F31-B16D-4066-ABD2-DA0A0433ADC0}.Debug|Any CPU.Deploy.0 = Debug|Any CPU
		{D8347F31-B16D-4066-ABD2-DA0A0433ADC0}.Debug|ARM.ActiveCfg = Debug|ARM
		{D8347F31-B16D-4066-ABD2-DA0A0433ADC0}.Debug|ARM.Build.0 = Debug|ARM
		{D8347F31-B16D-4066-ABD2-DA0A0433ADC0}.Debug|ARM.Deploy.0 = Debug|ARM
		{D8347F31-B16D-4066-ABD2-DA0A0433ADC0}.Debug|iPhone.ActiveCfg = Debug|Any CPU
		{D8347F31-B16D-4066-ABD2-DA0A0433ADC0}.Debug|iPhoneSimulator.ActiveCfg = Debug|Any CPU
		{D8347F31-B16D-4066-ABD2-DA0A0433ADC0}.Debug|Mixed Platforms.ActiveCfg = Debug|x86
		{D8347F31-B16D-4066-ABD2-DA0A0433ADC0}.Debug|Mixed Platforms.Build.0 = Debug|x86
		{D8347F31-B16D-4066-ABD2-DA0A0433ADC0}.Debug|Mixed Platforms.Deploy.0 = Debug|x86
		{D8347F31-B16D-4066-ABD2-DA0A0433ADC0}.Debug|x64.ActiveCfg = Debug|x64
		{D8347F31-B16D-4066-ABD2-DA0A0433ADC0}.Debug|x64.Build.0 = Debug|x64
		{D8347F31-B16D-4066-ABD2-DA0A0433ADC0}.Debug|x64.Deploy.0 = Debug|x64
		{D8347F31-B16D-4066-ABD2-DA0A0433ADC0}.Debug|x86.ActiveCfg = Debug|x86
		{D8347F31-B16D-4066-ABD2-DA0A0433ADC0}.Debug|x86.Build.0 = Debug|x86
		{D8347F31-B16D-4066-ABD2-DA0A0433ADC0}.Debug|x86.Deploy.0 = Debug|x86
		{D8347F31-B16D-4066-ABD2-DA0A0433ADC0}.Release|Any CPU.ActiveCfg = Release|Any CPU
		{D8347F31-B16D-4066-ABD2-DA0A0433ADC0}.Release|Any CPU.Build.0 = Release|Any CPU
		{D8347F31-B16D-4066-ABD2-DA0A0433ADC0}.Release|Any CPU.Deploy.0 = Release|Any CPU
		{D8347F31-B16D-4066-ABD2-DA0A0433ADC0}.Release|ARM.ActiveCfg = Release|ARM
		{D8347F31-B16D-4066-ABD2-DA0A0433ADC0}.Release|ARM.Build.0 = Release|ARM
		{D8347F31-B16D-4066-ABD2-DA0A0433ADC0}.Release|ARM.Deploy.0 = Release|ARM
		{D8347F31-B16D-4066-ABD2-DA0A0433ADC0}.Release|iPhone.ActiveCfg = Release|Any CPU
		{D8347F31-B16D-4066-ABD2-DA0A0433ADC0}.Release|iPhoneSimulator.ActiveCfg = Release|Any CPU
		{D8347F31-B16D-4066-ABD2-DA0A0433ADC0}.Release|Mixed Platforms.ActiveCfg = Release|x86
		{D8347F31-B16D-4066-ABD2-DA0A0433ADC0}.Release|Mixed Platforms.Build.0 = Release|x86
		{D8347F31-B16D-4066-ABD2-DA0A0433ADC0}.Release|Mixed Platforms.Deploy.0 = Release|x86
		{D8347F31-B16D-4066-ABD2-DA0A0433ADC0}.Release|x64.ActiveCfg = Release|x64
		{D8347F31-B16D-4066-ABD2-DA0A0433ADC0}.Release|x64.Build.0 = Release|x64
		{D8347F31-B16D-4066-ABD2-DA0A0433ADC0}.Release|x64.Deploy.0 = Release|x64
		{D8347F31-B16D-4066-ABD2-DA0A0433ADC0}.Release|x86.ActiveCfg = Release|x86
		{D8347F31-B16D-4066-ABD2-DA0A0433ADC0}.Release|x86.Build.0 = Release|x86
		{D8347F31-B16D-4066-ABD2-DA0A0433ADC0}.Release|x86.Deploy.0 = Release|x86
		{EA11123F-747F-449E-A8D5-CBC259DD8F1B}.Ad-Hoc|Any CPU.ActiveCfg = Release|Any CPU
		{EA11123F-747F-449E-A8D5-CBC259DD8F1B}.Ad-Hoc|Any CPU.Build.0 = Release|Any CPU
		{EA11123F-747F-449E-A8D5-CBC259DD8F1B}.Ad-Hoc|ARM.ActiveCfg = Release|Any CPU
		{EA11123F-747F-449E-A8D5-CBC259DD8F1B}.Ad-Hoc|iPhone.ActiveCfg = Release|Any CPU
		{EA11123F-747F-449E-A8D5-CBC259DD8F1B}.Ad-Hoc|iPhoneSimulator.ActiveCfg = Release|Any CPU
		{EA11123F-747F-449E-A8D5-CBC259DD8F1B}.Ad-Hoc|Mixed Platforms.ActiveCfg = Release|Any CPU
		{EA11123F-747F-449E-A8D5-CBC259DD8F1B}.Ad-Hoc|Mixed Platforms.Build.0 = Release|Any CPU
		{EA11123F-747F-449E-A8D5-CBC259DD8F1B}.Ad-Hoc|x64.ActiveCfg = Release|Any CPU
		{EA11123F-747F-449E-A8D5-CBC259DD8F1B}.Ad-Hoc|x86.ActiveCfg = Release|Any CPU
		{EA11123F-747F-449E-A8D5-CBC259DD8F1B}.AppStore|Any CPU.ActiveCfg = Release|Any CPU
		{EA11123F-747F-449E-A8D5-CBC259DD8F1B}.AppStore|Any CPU.Build.0 = Release|Any CPU
		{EA11123F-747F-449E-A8D5-CBC259DD8F1B}.AppStore|ARM.ActiveCfg = Release|Any CPU
		{EA11123F-747F-449E-A8D5-CBC259DD8F1B}.AppStore|iPhone.ActiveCfg = Release|Any CPU
		{EA11123F-747F-449E-A8D5-CBC259DD8F1B}.AppStore|iPhoneSimulator.ActiveCfg = Release|Any CPU
		{EA11123F-747F-449E-A8D5-CBC259DD8F1B}.AppStore|Mixed Platforms.ActiveCfg = Release|Any CPU
		{EA11123F-747F-449E-A8D5-CBC259DD8F1B}.AppStore|Mixed Platforms.Build.0 = Release|Any CPU
		{EA11123F-747F-449E-A8D5-CBC259DD8F1B}.AppStore|x64.ActiveCfg = Release|Any CPU
		{EA11123F-747F-449E-A8D5-CBC259DD8F1B}.AppStore|x86.ActiveCfg = Release|Any CPU
		{EA11123F-747F-449E-A8D5-CBC259DD8F1B}.Debug|Any CPU.ActiveCfg = Debug|Any CPU
		{EA11123F-747F-449E-A8D5-CBC259DD8F1B}.Debug|Any CPU.Build.0 = Debug|Any CPU
		{EA11123F-747F-449E-A8D5-CBC259DD8F1B}.Debug|ARM.ActiveCfg = Debug|Any CPU
		{EA11123F-747F-449E-A8D5-CBC259DD8F1B}.Debug|iPhone.ActiveCfg = Debug|Any CPU
		{EA11123F-747F-449E-A8D5-CBC259DD8F1B}.Debug|iPhoneSimulator.ActiveCfg = Debug|Any CPU
		{EA11123F-747F-449E-A8D5-CBC259DD8F1B}.Debug|Mixed Platforms.ActiveCfg = Debug|Any CPU
		{EA11123F-747F-449E-A8D5-CBC259DD8F1B}.Debug|Mixed Platforms.Build.0 = Debug|Any CPU
		{EA11123F-747F-449E-A8D5-CBC259DD8F1B}.Debug|x64.ActiveCfg = Debug|Any CPU
		{EA11123F-747F-449E-A8D5-CBC259DD8F1B}.Debug|x86.ActiveCfg = Debug|Any CPU
		{EA11123F-747F-449E-A8D5-CBC259DD8F1B}.Release|Any CPU.ActiveCfg = Release|Any CPU
		{EA11123F-747F-449E-A8D5-CBC259DD8F1B}.Release|Any CPU.Build.0 = Release|Any CPU
		{EA11123F-747F-449E-A8D5-CBC259DD8F1B}.Release|ARM.ActiveCfg = Release|Any CPU
		{EA11123F-747F-449E-A8D5-CBC259DD8F1B}.Release|iPhone.ActiveCfg = Release|Any CPU
		{EA11123F-747F-449E-A8D5-CBC259DD8F1B}.Release|iPhoneSimulator.ActiveCfg = Release|Any CPU
		{EA11123F-747F-449E-A8D5-CBC259DD8F1B}.Release|Mixed Platforms.ActiveCfg = Release|Any CPU
		{EA11123F-747F-449E-A8D5-CBC259DD8F1B}.Release|Mixed Platforms.Build.0 = Release|Any CPU
		{EA11123F-747F-449E-A8D5-CBC259DD8F1B}.Release|x64.ActiveCfg = Release|Any CPU
		{EA11123F-747F-449E-A8D5-CBC259DD8F1B}.Release|x86.ActiveCfg = Release|Any CPU
		{5F4CC961-66A0-4C54-954C-7B8FDE6D0216}.Ad-Hoc|Any CPU.ActiveCfg = Release|Any CPU
		{5F4CC961-66A0-4C54-954C-7B8FDE6D0216}.Ad-Hoc|Any CPU.Build.0 = Release|Any CPU
		{5F4CC961-66A0-4C54-954C-7B8FDE6D0216}.Ad-Hoc|Any CPU.Deploy.0 = Release|Any CPU
		{5F4CC961-66A0-4C54-954C-7B8FDE6D0216}.Ad-Hoc|ARM.ActiveCfg = Release|Any CPU
		{5F4CC961-66A0-4C54-954C-7B8FDE6D0216}.Ad-Hoc|iPhone.ActiveCfg = Release|Any CPU
		{5F4CC961-66A0-4C54-954C-7B8FDE6D0216}.Ad-Hoc|iPhoneSimulator.ActiveCfg = Release|Any CPU
		{5F4CC961-66A0-4C54-954C-7B8FDE6D0216}.Ad-Hoc|Mixed Platforms.ActiveCfg = Release|Any CPU
		{5F4CC961-66A0-4C54-954C-7B8FDE6D0216}.Ad-Hoc|Mixed Platforms.Build.0 = Release|Any CPU
		{5F4CC961-66A0-4C54-954C-7B8FDE6D0216}.Ad-Hoc|Mixed Platforms.Deploy.0 = Release|Any CPU
		{5F4CC961-66A0-4C54-954C-7B8FDE6D0216}.Ad-Hoc|x64.ActiveCfg = Release|Any CPU
		{5F4CC961-66A0-4C54-954C-7B8FDE6D0216}.Ad-Hoc|x86.ActiveCfg = Release|Any CPU
		{5F4CC961-66A0-4C54-954C-7B8FDE6D0216}.AppStore|Any CPU.ActiveCfg = Release|Any CPU
		{5F4CC961-66A0-4C54-954C-7B8FDE6D0216}.AppStore|Any CPU.Build.0 = Release|Any CPU
		{5F4CC961-66A0-4C54-954C-7B8FDE6D0216}.AppStore|Any CPU.Deploy.0 = Release|Any CPU
		{5F4CC961-66A0-4C54-954C-7B8FDE6D0216}.AppStore|ARM.ActiveCfg = Release|Any CPU
		{5F4CC961-66A0-4C54-954C-7B8FDE6D0216}.AppStore|iPhone.ActiveCfg = Release|Any CPU
		{5F4CC961-66A0-4C54-954C-7B8FDE6D0216}.AppStore|iPhoneSimulator.ActiveCfg = Release|Any CPU
		{5F4CC961-66A0-4C54-954C-7B8FDE6D0216}.AppStore|Mixed Platforms.ActiveCfg = Release|Any CPU
		{5F4CC961-66A0-4C54-954C-7B8FDE6D0216}.AppStore|Mixed Platforms.Build.0 = Release|Any CPU
		{5F4CC961-66A0-4C54-954C-7B8FDE6D0216}.AppStore|Mixed Platforms.Deploy.0 = Release|Any CPU
		{5F4CC961-66A0-4C54-954C-7B8FDE6D0216}.AppStore|x64.ActiveCfg = Release|Any CPU
		{5F4CC961-66A0-4C54-954C-7B8FDE6D0216}.AppStore|x86.ActiveCfg = Release|Any CPU
		{5F4CC961-66A0-4C54-954C-7B8FDE6D0216}.Debug|Any CPU.ActiveCfg = Debug|Any CPU
		{5F4CC961-66A0-4C54-954C-7B8FDE6D0216}.Debug|Any CPU.Build.0 = Debug|Any CPU
		{5F4CC961-66A0-4C54-954C-7B8FDE6D0216}.Debug|Any CPU.Deploy.0 = Debug|Any CPU
		{5F4CC961-66A0-4C54-954C-7B8FDE6D0216}.Debug|ARM.ActiveCfg = Debug|Any CPU
		{5F4CC961-66A0-4C54-954C-7B8FDE6D0216}.Debug|iPhone.ActiveCfg = Debug|Any CPU
		{5F4CC961-66A0-4C54-954C-7B8FDE6D0216}.Debug|iPhoneSimulator.ActiveCfg = Debug|Any CPU
		{5F4CC961-66A0-4C54-954C-7B8FDE6D0216}.Debug|Mixed Platforms.ActiveCfg = Debug|Any CPU
		{5F4CC961-66A0-4C54-954C-7B8FDE6D0216}.Debug|Mixed Platforms.Build.0 = Debug|Any CPU
		{5F4CC961-66A0-4C54-954C-7B8FDE6D0216}.Debug|Mixed Platforms.Deploy.0 = Debug|Any CPU
		{5F4CC961-66A0-4C54-954C-7B8FDE6D0216}.Debug|x64.ActiveCfg = Debug|Any CPU
		{5F4CC961-66A0-4C54-954C-7B8FDE6D0216}.Debug|x86.ActiveCfg = Debug|Any CPU
		{5F4CC961-66A0-4C54-954C-7B8FDE6D0216}.Release|Any CPU.ActiveCfg = Release|Any CPU
		{5F4CC961-66A0-4C54-954C-7B8FDE6D0216}.Release|Any CPU.Build.0 = Release|Any CPU
		{5F4CC961-66A0-4C54-954C-7B8FDE6D0216}.Release|Any CPU.Deploy.0 = Release|Any CPU
		{5F4CC961-66A0-4C54-954C-7B8FDE6D0216}.Release|ARM.ActiveCfg = Release|Any CPU
		{5F4CC961-66A0-4C54-954C-7B8FDE6D0216}.Release|iPhone.ActiveCfg = Release|Any CPU
		{5F4CC961-66A0-4C54-954C-7B8FDE6D0216}.Release|iPhoneSimulator.ActiveCfg = Release|Any CPU
		{5F4CC961-66A0-4C54-954C-7B8FDE6D0216}.Release|Mixed Platforms.ActiveCfg = Release|Any CPU
		{5F4CC961-66A0-4C54-954C-7B8FDE6D0216}.Release|Mixed Platforms.Build.0 = Release|Any CPU
		{5F4CC961-66A0-4C54-954C-7B8FDE6D0216}.Release|Mixed Platforms.Deploy.0 = Release|Any CPU
		{5F4CC961-66A0-4C54-954C-7B8FDE6D0216}.Release|x64.ActiveCfg = Release|Any CPU
		{5F4CC961-66A0-4C54-954C-7B8FDE6D0216}.Release|x86.ActiveCfg = Release|Any CPU
		{7541A33D-2E53-4F88-8385-C1D581CAADE0}.Ad-Hoc|Any CPU.ActiveCfg = Ad-Hoc|iPhone
		{7541A33D-2E53-4F88-8385-C1D581CAADE0}.Ad-Hoc|ARM.ActiveCfg = Ad-Hoc|iPhone
		{7541A33D-2E53-4F88-8385-C1D581CAADE0}.Ad-Hoc|iPhone.ActiveCfg = Ad-Hoc|iPhone
		{7541A33D-2E53-4F88-8385-C1D581CAADE0}.Ad-Hoc|iPhone.Build.0 = Ad-Hoc|iPhone
		{7541A33D-2E53-4F88-8385-C1D581CAADE0}.Ad-Hoc|iPhone.Deploy.0 = Ad-Hoc|iPhone
		{7541A33D-2E53-4F88-8385-C1D581CAADE0}.Ad-Hoc|iPhoneSimulator.ActiveCfg = Ad-Hoc|iPhoneSimulator
		{7541A33D-2E53-4F88-8385-C1D581CAADE0}.Ad-Hoc|iPhoneSimulator.Build.0 = Ad-Hoc|iPhoneSimulator
		{7541A33D-2E53-4F88-8385-C1D581CAADE0}.Ad-Hoc|iPhoneSimulator.Deploy.0 = Ad-Hoc|iPhoneSimulator
		{7541A33D-2E53-4F88-8385-C1D581CAADE0}.Ad-Hoc|Mixed Platforms.ActiveCfg = Ad-Hoc|iPhone
		{7541A33D-2E53-4F88-8385-C1D581CAADE0}.Ad-Hoc|Mixed Platforms.Build.0 = Ad-Hoc|iPhone
		{7541A33D-2E53-4F88-8385-C1D581CAADE0}.Ad-Hoc|Mixed Platforms.Deploy.0 = Ad-Hoc|iPhone
		{7541A33D-2E53-4F88-8385-C1D581CAADE0}.Ad-Hoc|x64.ActiveCfg = Ad-Hoc|iPhone
		{7541A33D-2E53-4F88-8385-C1D581CAADE0}.Ad-Hoc|x86.ActiveCfg = Ad-Hoc|iPhone
		{7541A33D-2E53-4F88-8385-C1D581CAADE0}.AppStore|Any CPU.ActiveCfg = AppStore|iPhone
		{7541A33D-2E53-4F88-8385-C1D581CAADE0}.AppStore|ARM.ActiveCfg = AppStore|iPhone
		{7541A33D-2E53-4F88-8385-C1D581CAADE0}.AppStore|iPhone.ActiveCfg = AppStore|iPhone
		{7541A33D-2E53-4F88-8385-C1D581CAADE0}.AppStore|iPhone.Build.0 = AppStore|iPhone
		{7541A33D-2E53-4F88-8385-C1D581CAADE0}.AppStore|iPhone.Deploy.0 = AppStore|iPhone
		{7541A33D-2E53-4F88-8385-C1D581CAADE0}.AppStore|iPhoneSimulator.ActiveCfg = AppStore|iPhoneSimulator
		{7541A33D-2E53-4F88-8385-C1D581CAADE0}.AppStore|iPhoneSimulator.Build.0 = AppStore|iPhoneSimulator
		{7541A33D-2E53-4F88-8385-C1D581CAADE0}.AppStore|iPhoneSimulator.Deploy.0 = AppStore|iPhoneSimulator
		{7541A33D-2E53-4F88-8385-C1D581CAADE0}.AppStore|Mixed Platforms.ActiveCfg = AppStore|iPhone
		{7541A33D-2E53-4F88-8385-C1D581CAADE0}.AppStore|Mixed Platforms.Build.0 = AppStore|iPhone
		{7541A33D-2E53-4F88-8385-C1D581CAADE0}.AppStore|Mixed Platforms.Deploy.0 = AppStore|iPhone
		{7541A33D-2E53-4F88-8385-C1D581CAADE0}.AppStore|x64.ActiveCfg = AppStore|iPhone
		{7541A33D-2E53-4F88-8385-C1D581CAADE0}.AppStore|x86.ActiveCfg = AppStore|iPhone
		{7541A33D-2E53-4F88-8385-C1D581CAADE0}.Debug|Any CPU.ActiveCfg = Debug|iPhone
		{7541A33D-2E53-4F88-8385-C1D581CAADE0}.Debug|ARM.ActiveCfg = Debug|iPhone
		{7541A33D-2E53-4F88-8385-C1D581CAADE0}.Debug|iPhone.ActiveCfg = Debug|iPhone
		{7541A33D-2E53-4F88-8385-C1D581CAADE0}.Debug|iPhone.Build.0 = Debug|iPhone
		{7541A33D-2E53-4F88-8385-C1D581CAADE0}.Debug|iPhone.Deploy.0 = Debug|iPhone
		{7541A33D-2E53-4F88-8385-C1D581CAADE0}.Debug|iPhoneSimulator.ActiveCfg = Debug|iPhoneSimulator
		{7541A33D-2E53-4F88-8385-C1D581CAADE0}.Debug|iPhoneSimulator.Build.0 = Debug|iPhoneSimulator
		{7541A33D-2E53-4F88-8385-C1D581CAADE0}.Debug|iPhoneSimulator.Deploy.0 = Debug|iPhoneSimulator
		{7541A33D-2E53-4F88-8385-C1D581CAADE0}.Debug|Mixed Platforms.ActiveCfg = Debug|iPhone
		{7541A33D-2E53-4F88-8385-C1D581CAADE0}.Debug|Mixed Platforms.Build.0 = Debug|iPhone
		{7541A33D-2E53-4F88-8385-C1D581CAADE0}.Debug|Mixed Platforms.Deploy.0 = Debug|iPhone
		{7541A33D-2E53-4F88-8385-C1D581CAADE0}.Debug|x64.ActiveCfg = Debug|iPhone
		{7541A33D-2E53-4F88-8385-C1D581CAADE0}.Debug|x86.ActiveCfg = Debug|iPhone
		{7541A33D-2E53-4F88-8385-C1D581CAADE0}.Release|Any CPU.ActiveCfg = Release|iPhone
		{7541A33D-2E53-4F88-8385-C1D581CAADE0}.Release|ARM.ActiveCfg = Release|iPhone
		{7541A33D-2E53-4F88-8385-C1D581CAADE0}.Release|iPhone.ActiveCfg = Release|iPhone
		{7541A33D-2E53-4F88-8385-C1D581CAADE0}.Release|iPhone.Build.0 = Release|iPhone
		{7541A33D-2E53-4F88-8385-C1D581CAADE0}.Release|iPhone.Deploy.0 = Release|iPhone
		{7541A33D-2E53-4F88-8385-C1D581CAADE0}.Release|iPhoneSimulator.ActiveCfg = Release|iPhoneSimulator
		{7541A33D-2E53-4F88-8385-C1D581CAADE0}.Release|iPhoneSimulator.Build.0 = Release|iPhoneSimulator
		{7541A33D-2E53-4F88-8385-C1D581CAADE0}.Release|iPhoneSimulator.Deploy.0 = Release|iPhoneSimulator
		{7541A33D-2E53-4F88-8385-C1D581CAADE0}.Release|Mixed Platforms.ActiveCfg = Release|iPhone
		{7541A33D-2E53-4F88-8385-C1D581CAADE0}.Release|Mixed Platforms.Build.0 = Release|iPhone
		{7541A33D-2E53-4F88-8385-C1D581CAADE0}.Release|Mixed Platforms.Deploy.0 = Release|iPhone
		{7541A33D-2E53-4F88-8385-C1D581CAADE0}.Release|x64.ActiveCfg = Release|iPhone
		{7541A33D-2E53-4F88-8385-C1D581CAADE0}.Release|x86.ActiveCfg = Release|iPhone
	EndGlobalSection
	GlobalSection(SolutionProperties) = preSolution
		HideSolutionNode = FALSE
	EndGlobalSection
EndGlobal
